
Microsoft Visual Studio Solution File, Format Version 12.00
# Visual Studio Version 17
VisualStudioVersion = 17.4.33213.308
MinimumVisualStudioVersion = 10.0.40219.1
Project("{9A19103F-16F7-4668-BE54-9A1E7A4F7556}") = "OpenCvSharp5", "OpenCvSharp5\OpenCvSharp5.csproj", "{C923211C-510F-47A0-9996-4470DCF2078C}"
EndProject
Project("{9A19103F-16F7-4668-BE54-9A1E7A4F7556}") = "OpenCvSharp5.Tests", "OpenCvSharp5.Tests\OpenCvSharp5.Tests.csproj", "{577D7B68-DC13-45F1-BE74-95AB1D7E4FF3}"
EndProject
Project("{2150E333-8FDC-42A3-9474-1A3956D46DE8}") = "ソリューション項目", "ソリューション項目", "{5CE5E060-7873-4DAE-9452-EC61221A75AC}"
	ProjectSection(SolutionItems) = preProject
		.editorconfig = .editorconfig
	EndProjectSection
EndProject
Project("{FAE04EC0-301F-11D3-BF4B-00C04F79EFBC}") = "OpenCvSharp5.Benchmark", "OpenCvSharp5.Benchmark\OpenCvSharp5.Benchmark.csproj", "{515C6680-6299-4E6A-9CE3-A863C207CF1C}"
EndProject
Global
	GlobalSection(SolutionConfigurationPlatforms) = preSolution
		Debug|Any CPU = Debug|Any CPU
		Release|Any CPU = Release|Any CPU
	EndGlobalSection
	GlobalSection(ProjectConfigurationPlatforms) = postSolution
		{C923211C-510F-47A0-9996-4470DCF2078C}.Debug|Any CPU.ActiveCfg = Debug|Any CPU
		{C923211C-510F-47A0-9996-4470DCF2078C}.Debug|Any CPU.Build.0 = Debug|Any CPU
		{C923211C-510F-47A0-9996-4470DCF2078C}.Release|Any CPU.ActiveCfg = Release|Any CPU
		{C923211C-510F-47A0-9996-4470DCF2078C}.Release|Any CPU.Build.0 = Release|Any CPU
		{577D7B68-DC13-45F1-BE74-95AB1D7E4FF3}.Debug|Any CPU.ActiveCfg = Debug|Any CPU
		{577D7B68-DC13-45F1-BE74-95AB1D7E4FF3}.Debug|Any CPU.Build.0 = Debug|Any CPU
		{577D7B68-DC13-45F1-BE74-95AB1D7E4FF3}.Release|Any CPU.ActiveCfg = Release|Any CPU
		{577D7B68-DC13-45F1-BE74-95AB1D7E4FF3}.Release|Any CPU.Build.0 = Release|Any CPU
		{515C6680-6299-4E6A-9CE3-A863C207CF1C}.Debug|Any CPU.ActiveCfg = Debug|Any CPU
		{515C6680-6299-4E6A-9CE3-A863C207CF1C}.Debug|Any CPU.Build.0 = Debug|Any CPU
		{515C6680-6299-4E6A-9CE3-A863C207CF1C}.Release|Any CPU.ActiveCfg = Release|Any CPU
		{515C6680-6299-4E6A-9CE3-A863C207CF1C}.Release|Any CPU.Build.0 = Release|Any CPU
	EndGlobalSection
	GlobalSection(SolutionProperties) = preSolution
		HideSolutionNode = FALSE
	EndGlobalSection
	GlobalSection(ExtensibilityGlobals) = postSolution
		SolutionGuid = {964B94E7-FADE-47FD-9770-72A08E5B0286}
	EndGlobalSection
EndGlobal
