
Microsoft Visual Studio Solution File, Format Version 12.00
# Visual Studio Version 17
VisualStudioVersion = 17.5.33424.131
MinimumVisualStudioVersion = 10.0.40219.1
Project("{9A19103F-16F7-4668-BE54-9A1E7A4F7556}") = "BlazorApp", "BlazorApp\BlazorApp.csproj", "{33444D75-7B74-4792-8AEF-D1C5E354E7D1}"
EndProject
Project("{9A19103F-16F7-4668-BE54-9A1E7A4F7556}") = "OpenCvSharp5", "..\cs\OpenCvSharp5\OpenCvSharp5.csproj", "{B9903DBB-527A-4C3E-B9D7-C5EF11773AAD}"
EndProject
Global
	GlobalSection(SolutionConfigurationPlatforms) = preSolution
		Debug|Any CPU = Debug|Any CPU
		Release|Any CPU = Release|Any CPU
	EndGlobalSection
	GlobalSection(ProjectConfigurationPlatforms) = postSolution
		{33444D75-7B74-4792-8AEF-D1C5E354E7D1}.Debug|Any CPU.ActiveCfg = Debug|Any CPU
		{33444D75-7B74-4792-8AEF-D1C5E354E7D1}.Debug|Any CPU.Build.0 = Debug|Any CPU
		{33444D75-7B74-4792-8AEF-D1C5E354E7D1}.Release|Any CPU.ActiveCfg = Release|Any CPU
		{33444D75-7B74-4792-8AEF-D1C5E354E7D1}.Release|Any CPU.Build.0 = Release|Any CPU
		{B9903DBB-527A-4C3E-B9D7-C5EF11773AAD}.Debug|Any CPU.ActiveCfg = Debug|Any CPU
		{B9903DBB-527A-4C3E-B9D7-C5EF11773AAD}.Debug|Any CPU.Build.0 = Debug|Any CPU
		{B9903DBB-527A-4C3E-B9D7-C5EF11773AAD}.Release|Any CPU.ActiveCfg = Release|Any CPU
		{B9903DBB-527A-4C3E-B9D7-C5EF11773AAD}.Release|Any CPU.Build.0 = Release|Any CPU
	EndGlobalSection
	GlobalSection(SolutionProperties) = preSolution
		HideSolutionNode = FALSE
	EndGlobalSection
	GlobalSection(ExtensibilityGlobals) = postSolution
		SolutionGuid = {BA90A77A-AAC7-4F48-9F47-3FCE9A434A49}
	EndGlobalSection
EndGlobal
